
Microsoft Visual Studio Solution File, Format Version 11.00
# Visual Studio 2010
Project("{8BC9CEB8-8B4A-11D0-8D11-00A0C91BC942}") = "OhTSM", "OhTSM\OhTSM.vcxproj", "{4DE1181F-608A-41A8-AE45-1A2D8435A2BE}"
EndProject
Project("{8BC9CEB8-8B4A-11D0-8D11-00A0C91BC942}") = "Example", "Example\Example.vcxproj", "{4A134EC4-D70C-422D-BA15-ED8D07810516}"
	ProjectSection(ProjectDependencies) = postProject
		{4DE1181F-608A-41A8-AE45-1A2D8435A2BE} = {4DE1181F-608A-41A8-AE45-1A2D8435A2BE}
	EndProjectSection
EndProject
Global
	GlobalSection(SolutionConfigurationPlatforms) = preSolution
		Debug|Win32 = Debug|Win32
		Release|Win32 = Release|Win32
	EndGlobalSection
	GlobalSection(ProjectConfigurationPlatforms) = postSolution
		{4DE1181F-608A-41A8-AE45-1A2D8435A2BE}.Debug|Win32.ActiveCfg = Debug|Win32
		{4DE1181F-608A-41A8-AE45-1A2D8435A2BE}.Debug|Win32.Build.0 = Debug|Win32
		{4DE1181F-608A-41A8-AE45-1A2D8435A2BE}.Release|Win32.ActiveCfg = Release|Win32
		{4DE1181F-608A-41A8-AE45-1A2D8435A2BE}.Release|Win32.Build.0 = Release|Win32
		{4A134EC4-D70C-422D-BA15-ED8D07810516}.Debug|Win32.ActiveCfg = Debug|Win32
		{4A134EC4-D70C-422D-BA15-ED8D07810516}.Debug|Win32.Build.0 = Debug|Win32
		{4A134EC4-D70C-422D-BA15-ED8D07810516}.Release|Win32.ActiveCfg = Release|Win32
		{4A134EC4-D70C-422D-BA15-ED8D07810516}.Release|Win32.Build.0 = Release|Win32
	EndGlobalSection
	GlobalSection(SolutionProperties) = preSolution
		HideSolutionNode = FALSE
	EndGlobalSection
EndGlobal
